
Microsoft Visual Studio Solution File, Format Version 12.00
# Visual Studio 15
VisualStudioVersion = 15.0.27428.2002
MinimumVisualStudioVersion = 10.0.40219.1
Project("{9A19103F-16F7-4668-BE54-9A1E7A4F7556}") = "CourseApp.Tests", "CourseApp.Tests.csproj", "{7E3B2FC3-E500-42FE-8D27-865EA197567C}"
EndProject
Global
	GlobalSection(SolutionConfigurationPlatforms) = preSolution
		Debug|Any CPU = Debug|Any CPU
		Release|Any CPU = Release|Any CPU
	EndGlobalSection
	GlobalSection(ProjectConfigurationPlatforms) = postSolution
		{7E3B2FC3-E500-42FE-8D27-865EA197567C}.Debug|Any CPU.ActiveCfg = Debug|Any CPU
		{7E3B2FC3-E500-42FE-8D27-865EA197567C}.Debug|Any CPU.Build.0 = Debug|Any CPU
		{7E3B2FC3-E500-42FE-8D27-865EA197567C}.Release|Any CPU.ActiveCfg = Release|Any CPU
		{7E3B2FC3-E500-42FE-8D27-865EA197567C}.Release|Any CPU.Build.0 = Release|Any CPU
	EndGlobalSection
	GlobalSection(SolutionProperties) = preSolution
		HideSolutionNode = FALSE
	EndGlobalSection
	GlobalSection(ExtensibilityGlobals) = postSolution
		SolutionGuid = {C9D373F4-C8F4-4D88-8197-D96E561BE491}
	EndGlobalSection
EndGlobal
